
Microsoft Visual Studio Solution File, Format Version 12.00
# Visual Studio 2012
Project("{FAE04EC0-301F-11D3-BF4B-00C04F79EFBC}") = "XFdemo.iOS", "iOS\XFdemo.iOS.csproj", "{40B800BF-FD44-4C61-ABAC-8C20DA1E11F3}"
EndProject
Project("{FAE04EC0-301F-11D3-BF4B-00C04F79EFBC}") = "XFdemo.Droid", "Droid\XFdemo.Droid.csproj", "{39C17500-9EB6-4C1D-ADAD-447DCB724DAC}"
EndProject
Project("{FAE04EC0-301F-11D3-BF4B-00C04F79EFBC}") = "XFdemo", "Forms\XFdemo.csproj", "{6BEF064D-9839-4F6A-B8B0-81BFB233EB97}"
EndProject
Global
	GlobalSection(SolutionConfigurationPlatforms) = preSolution
		Debug|Any CPU = Debug|Any CPU
		Release|Any CPU = Release|Any CPU
		Debug|iPhoneSimulator = Debug|iPhoneSimulator
		Release|iPhoneSimulator = Release|iPhoneSimulator
		Debug|iPhone = Debug|iPhone
		Release|iPhone = Release|iPhone
		Ad-Hoc|iPhone = Ad-Hoc|iPhone
		AppStore|iPhone = AppStore|iPhone
	EndGlobalSection
	GlobalSection(ProjectConfigurationPlatforms) = postSolution
		{39C17500-9EB6-4C1D-ADAD-447DCB724DAC}.Ad-Hoc|iPhone.ActiveCfg = Release|Any CPU
		{39C17500-9EB6-4C1D-ADAD-447DCB724DAC}.Ad-Hoc|iPhone.Build.0 = Release|Any CPU
		{39C17500-9EB6-4C1D-ADAD-447DCB724DAC}.AppStore|iPhone.ActiveCfg = Release|Any CPU
		{39C17500-9EB6-4C1D-ADAD-447DCB724DAC}.AppStore|iPhone.Build.0 = Release|Any CPU
		{39C17500-9EB6-4C1D-ADAD-447DCB724DAC}.Debug|Any CPU.ActiveCfg = Debug|Any CPU
		{39C17500-9EB6-4C1D-ADAD-447DCB724DAC}.Debug|Any CPU.Build.0 = Debug|Any CPU
		{39C17500-9EB6-4C1D-ADAD-447DCB724DAC}.Debug|iPhone.ActiveCfg = Debug|Any CPU
		{39C17500-9EB6-4C1D-ADAD-447DCB724DAC}.Debug|iPhone.Build.0 = Debug|Any CPU
		{39C17500-9EB6-4C1D-ADAD-447DCB724DAC}.Debug|iPhoneSimulator.ActiveCfg = Debug|Any CPU
		{39C17500-9EB6-4C1D-ADAD-447DCB724DAC}.Debug|iPhoneSimulator.Build.0 = Debug|Any CPU
		{39C17500-9EB6-4C1D-ADAD-447DCB724DAC}.Release|Any CPU.ActiveCfg = Release|Any CPU
		{39C17500-9EB6-4C1D-ADAD-447DCB724DAC}.Release|Any CPU.Build.0 = Release|Any CPU
		{39C17500-9EB6-4C1D-ADAD-447DCB724DAC}.Release|iPhone.ActiveCfg = Release|Any CPU
		{39C17500-9EB6-4C1D-ADAD-447DCB724DAC}.Release|iPhone.Build.0 = Release|Any CPU
		{39C17500-9EB6-4C1D-ADAD-447DCB724DAC}.Release|iPhoneSimulator.ActiveCfg = Release|Any CPU
		{39C17500-9EB6-4C1D-ADAD-447DCB724DAC}.Release|iPhoneSimulator.Build.0 = Release|Any CPU
		{40B800BF-FD44-4C61-ABAC-8C20DA1E11F3}.Ad-Hoc|iPhone.ActiveCfg = Ad-Hoc|iPhone
		{40B800BF-FD44-4C61-ABAC-8C20DA1E11F3}.Ad-Hoc|iPhone.Build.0 = Ad-Hoc|iPhone
		{40B800BF-FD44-4C61-ABAC-8C20DA1E11F3}.AppStore|iPhone.ActiveCfg = AppStore|iPhone
		{40B800BF-FD44-4C61-ABAC-8C20DA1E11F3}.AppStore|iPhone.Build.0 = AppStore|iPhone
		{40B800BF-FD44-4C61-ABAC-8C20DA1E11F3}.Debug|Any CPU.ActiveCfg = Debug|iPhoneSimulator
		{40B800BF-FD44-4C61-ABAC-8C20DA1E11F3}.Debug|Any CPU.Build.0 = Debug|iPhoneSimulator
		{40B800BF-FD44-4C61-ABAC-8C20DA1E11F3}.Debug|iPhone.ActiveCfg = Debug|iPhone
		{40B800BF-FD44-4C61-ABAC-8C20DA1E11F3}.Debug|iPhone.Build.0 = Debug|iPhone
		{40B800BF-FD44-4C61-ABAC-8C20DA1E11F3}.Debug|iPhoneSimulator.ActiveCfg = Debug|iPhoneSimulator
		{40B800BF-FD44-4C61-ABAC-8C20DA1E11F3}.Debug|iPhoneSimulator.Build.0 = Debug|iPhoneSimulator
		{40B800BF-FD44-4C61-ABAC-8C20DA1E11F3}.Release|Any CPU.ActiveCfg = Release|iPhoneSimulator
		{40B800BF-FD44-4C61-ABAC-8C20DA1E11F3}.Release|Any CPU.Build.0 = Release|iPhoneSimulator
		{40B800BF-FD44-4C61-ABAC-8C20DA1E11F3}.Release|iPhone.ActiveCfg = Release|iPhone
		{40B800BF-FD44-4C61-ABAC-8C20DA1E11F3}.Release|iPhone.Build.0 = Release|iPhone
		{40B800BF-FD44-4C61-ABAC-8C20DA1E11F3}.Release|iPhoneSimulator.ActiveCfg = Release|iPhoneSimulator
		{40B800BF-FD44-4C61-ABAC-8C20DA1E11F3}.Release|iPhoneSimulator.Build.0 = Release|iPhoneSimulator
		{6BEF064D-9839-4F6A-B8B0-81BFB233EB97}.Ad-Hoc|iPhone.ActiveCfg = Release|Any CPU
		{6BEF064D-9839-4F6A-B8B0-81BFB233EB97}.Ad-Hoc|iPhone.Build.0 = Release|Any CPU
		{6BEF064D-9839-4F6A-B8B0-81BFB233EB97}.AppStore|iPhone.ActiveCfg = Release|Any CPU
		{6BEF064D-9839-4F6A-B8B0-81BFB233EB97}.AppStore|iPhone.Build.0 = Release|Any CPU
		{6BEF064D-9839-4F6A-B8B0-81BFB233EB97}.Debug|Any CPU.ActiveCfg = Debug|Any CPU
		{6BEF064D-9839-4F6A-B8B0-81BFB233EB97}.Debug|Any CPU.Build.0 = Debug|Any CPU
		{6BEF064D-9839-4F6A-B8B0-81BFB233EB97}.Debug|iPhone.ActiveCfg = Debug|Any CPU
		{6BEF064D-9839-4F6A-B8B0-81BFB233EB97}.Debug|iPhone.Build.0 = Debug|Any CPU
		{6BEF064D-9839-4F6A-B8B0-81BFB233EB97}.Debug|iPhoneSimulator.ActiveCfg = Debug|Any CPU
		{6BEF064D-9839-4F6A-B8B0-81BFB233EB97}.Debug|iPhoneSimulator.Build.0 = Debug|Any CPU
		{6BEF064D-9839-4F6A-B8B0-81BFB233EB97}.Release|Any CPU.ActiveCfg = Release|Any CPU
		{6BEF064D-9839-4F6A-B8B0-81BFB233EB97}.Release|Any CPU.Build.0 = Release|Any CPU
		{6BEF064D-9839-4F6A-B8B0-81BFB233EB97}.Release|iPhone.ActiveCfg = Release|Any CPU
		{6BEF064D-9839-4F6A-B8B0-81BFB233EB97}.Release|iPhone.Build.0 = Release|Any CPU
		{6BEF064D-9839-4F6A-B8B0-81BFB233EB97}.Release|iPhoneSimulator.ActiveCfg = Release|Any CPU
		{6BEF064D-9839-4F6A-B8B0-81BFB233EB97}.Release|iPhoneSimulator.Build.0 = Release|Any CPU
	EndGlobalSection
EndGlobal
